
Microsoft Visual Studio Solution File, Format Version 12.00
# Visual Studio Version 17
VisualStudioVersion = 17.7.34202.233
MinimumVisualStudioVersion = 10.0.40219.1
Project("{FAE04EC0-301F-11D3-BF4B-00C04F79EFBC}") = "AnoopTestApp", "AnoopTestApp\AnoopTestApp.csproj", "{008A5410-8F22-46B6-A4B1-613B27429CFE}"
EndProject
Global
	GlobalSection(SolutionConfigurationPlatforms) = preSolution
		Debug|Any CPU = Debug|Any CPU
		Release|Any CPU = Release|Any CPU
	EndGlobalSection
	GlobalSection(ProjectConfigurationPlatforms) = postSolution
		{008A5410-8F22-46B6-A4B1-613B27429CFE}.Debug|Any CPU.ActiveCfg = Debug|Any CPU
		{008A5410-8F22-46B6-A4B1-613B27429CFE}.Debug|Any CPU.Build.0 = Debug|Any CPU
		{008A5410-8F22-46B6-A4B1-613B27429CFE}.Release|Any CPU.ActiveCfg = Release|Any CPU
		{008A5410-8F22-46B6-A4B1-613B27429CFE}.Release|Any CPU.Build.0 = Release|Any CPU
	EndGlobalSection
	GlobalSection(SolutionProperties) = preSolution
		HideSolutionNode = FALSE
	EndGlobalSection
	GlobalSection(ExtensibilityGlobals) = postSolution
		SolutionGuid = {77390EC7-82DD-40F7-873C-AD1112B393CA}
	EndGlobalSection
EndGlobal
